
Microsoft Visual Studio Solution File, Format Version 12.00
# Visual Studio 14
VisualStudioVersion = 14.0.25420.1
MinimumVisualStudioVersion = 10.0.40219.1
Project("{FAE04EC0-301F-11D3-BF4B-00C04F79EFBC}") = "ApiInstaGramTest", "ApiInstaGramTest\ApiInstaGramTest.csproj", "{DA4B2F02-3CE4-48F9-B83A-1CFD23167675}"
EndProject
Global
	GlobalSection(SolutionConfigurationPlatforms) = preSolution
		Debug|Any CPU = Debug|Any CPU
		Release|Any CPU = Release|Any CPU
	EndGlobalSection
	GlobalSection(ProjectConfigurationPlatforms) = postSolution
		{DA4B2F02-3CE4-48F9-B83A-1CFD23167675}.Debug|Any CPU.ActiveCfg = Debug|Any CPU
		{DA4B2F02-3CE4-48F9-B83A-1CFD23167675}.Debug|Any CPU.Build.0 = Debug|Any CPU
		{DA4B2F02-3CE4-48F9-B83A-1CFD23167675}.Release|Any CPU.ActiveCfg = Release|Any CPU
		{DA4B2F02-3CE4-48F9-B83A-1CFD23167675}.Release|Any CPU.Build.0 = Release|Any CPU
	EndGlobalSection
	GlobalSection(SolutionProperties) = preSolution
		HideSolutionNode = FALSE
	EndGlobalSection
EndGlobal
